
Microsoft Visual Studio Solution File, Format Version 12.00
# Visual Studio Version 17
VisualStudioVersion = 17.0.31903.59
MinimumVisualStudioVersion = 10.0.40219.1
Project("{2150E333-8FDC-42A3-9474-1A3956D46DE8}") = "src", "src", "{E9FACF25-6964-44C7-A0C3-5755F4356485}"
EndProject
Project("{2150E333-8FDC-42A3-9474-1A3956D46DE8}") = "ApiGateway", "ApiGateway", "{F676021B-8041-4BFA-BB70-696426DECCB0}"
EndProject
Project("{FAE04EC0-301F-11D3-BF4B-00C04F79EFBC}") = "ApiGateway", "src\ApiGateway\ApiGateway\ApiGateway.csproj", "{8AF9F180-428C-4124-8E57-A65CA8BF483E}"
EndProject
Project("{2150E333-8FDC-42A3-9474-1A3956D46DE8}") = "BuildingBlocks", "BuildingBlocks", "{A5B829CD-603C-4C6C-B4E2-7594C7AC51E2}"
EndProject
Project("{FAE04EC0-301F-11D3-BF4B-00C04F79EFBC}") = "BuildingBlocks", "src\BuildingBlocks\BuildingBlocks\BuildingBlocks.csproj", "{EED78BAE-FC9B-4C8C-891E-C696644DF4AD}"
EndProject
Project("{2150E333-8FDC-42A3-9474-1A3956D46DE8}") = "Services", "Services", "{05B399FA-69AD-45E8-ADB2-592A4212E995}"
EndProject
Project("{2150E333-8FDC-42A3-9474-1A3956D46DE8}") = "Identity", "Identity", "{C8E6B9C3-7966-416A-9D90-7603CE366EAC}"
EndProject
Project("{FAE04EC0-301F-11D3-BF4B-00C04F79EFBC}") = "IdentityService", "src\Services\Identity\IdentityService\IdentityService.csproj", "{E962CDD1-53A2-4BED-B229-6E31047A5E99}"
EndProject
Project("{2150E333-8FDC-42A3-9474-1A3956D46DE8}") = "Package", "Package", "{2D046B46-5060-468D-8457-7790F03FE017}"
EndProject
Project("{FAE04EC0-301F-11D3-BF4B-00C04F79EFBC}") = "PackageService", "src\Services\Package\PackageService\PackageService.csproj", "{30C4BCD9-FF10-4668-9CAD-7405C9B2EAAA}"
EndProject
Project("{2150E333-8FDC-42A3-9474-1A3956D46DE8}") = "Shipment", "Shipment", "{2724DEDA-44A7-40FB-9A57-4EEB718C2564}"
EndProject
Project("{FAE04EC0-301F-11D3-BF4B-00C04F79EFBC}") = "ShipmentService", "src\Services\Shipment\ShipmentService\ShipmentService.csproj", "{8D9C6B55-D033-443D-910F-34859334B6F4}"
EndProject
Project("{2150E333-8FDC-42A3-9474-1A3956D46DE8}") = "Tracking", "Tracking", "{40B208AB-5813-4717-ADBD-CB0B6C446D39}"
EndProject
Project("{FAE04EC0-301F-11D3-BF4B-00C04F79EFBC}") = "TrackingService", "src\Services\Tracking\TrackingService\TrackingService.csproj", "{6D006C36-56EF-4F33-A194-0D30ACA0E994}"
EndProject
Project("{2150E333-8FDC-42A3-9474-1A3956D46DE8}") = "Driver", "Driver", "{1882AEF5-532A-44F1-8E28-4237202F12F9}"
EndProject
Project("{FAE04EC0-301F-11D3-BF4B-00C04F79EFBC}") = "DriverService", "src\Services\Driver\DriverService\DriverService.csproj", "{D79E9A2B-0788-48FD-A9CC-B742463A11CC}"
EndProject
Project("{FAE04EC0-301F-11D3-BF4B-00C04F79EFBC}") = "IdentityService.Domain", "src\Services\Identity\IdentityService.Domain\IdentityService.Domain.csproj", "{F29A098B-A248-4400-8AD9-6689CD1ED39C}"
EndProject
Project("{FAE04EC0-301F-11D3-BF4B-00C04F79EFBC}") = "IdentityService.Application", "src\Services\Identity\IdentityService.Application\IdentityService.Application.csproj", "{12B4A3D4-7074-409C-AE1B-175AF40E14B6}"
EndProject
Project("{FAE04EC0-301F-11D3-BF4B-00C04F79EFBC}") = "IdentityService.Infrastructure", "src\Services\Identity\IdentityService.Infrastructure\IdentityService.Infrastructure.csproj", "{9E044C6E-35F6-4058-ABBA-8A6A4485E345}"
EndProject
Project("{FAE04EC0-301F-11D3-BF4B-00C04F79EFBC}") = "PackageService.Domain", "src\Services\Package\PackageService.Domain\PackageService.Domain.csproj", "{26CE6DAA-E77A-4A63-B186-482EE8EB3709}"
EndProject
Project("{FAE04EC0-301F-11D3-BF4B-00C04F79EFBC}") = "PackageService.Application", "src\Services\Package\PackageService.Application\PackageService.Application.csproj", "{EBC892FA-1713-4F02-8C5C-E0A66675A4B7}"
EndProject
Project("{FAE04EC0-301F-11D3-BF4B-00C04F79EFBC}") = "PackageService.Infrastructure", "src\Services\Package\PackageService.Infrastructure\PackageService.Infrastructure.csproj", "{94AFA01D-D03E-4BED-9C11-34ABF5EEC1CD}"
EndProject
Project("{FAE04EC0-301F-11D3-BF4B-00C04F79EFBC}") = "ShipmentService.Domain", "src\Services\Shipment\ShipmentService.Domain\ShipmentService.Domain.csproj", "{C3652446-CC87-4861-9AF2-4463E19FC0A7}"
EndProject
Project("{FAE04EC0-301F-11D3-BF4B-00C04F79EFBC}") = "ShipmentService.Application", "src\Services\Shipment\ShipmentService.Application\ShipmentService.Application.csproj", "{F7345BAB-79A8-4C8B-A763-44EA1FF7FB13}"
EndProject
Project("{FAE04EC0-301F-11D3-BF4B-00C04F79EFBC}") = "ShipmentService.Infrastructure", "src\Services\Shipment\ShipmentService.Infrastructure\ShipmentService.Infrastructure.csproj", "{596F3FA9-DB4D-46F1-8687-F8B9E0408F01}"
EndProject
Project("{FAE04EC0-301F-11D3-BF4B-00C04F79EFBC}") = "TrackingService.Domain", "src\Services\Tracking\TrackingService.Domain\TrackingService.Domain.csproj", "{E2CC9663-4DFC-422E-AFEA-D5EC27C78BA2}"
EndProject
Project("{FAE04EC0-301F-11D3-BF4B-00C04F79EFBC}") = "TrackingService.Application", "src\Services\Tracking\TrackingService.Application\TrackingService.Application.csproj", "{E1FF835F-2934-4B90-A644-CB5BAB2F17F7}"
EndProject
Project("{FAE04EC0-301F-11D3-BF4B-00C04F79EFBC}") = "TrackingService.Infrastructure", "src\Services\Tracking\TrackingService.Infrastructure\TrackingService.Infrastructure.csproj", "{90BA51F7-B671-4A14-9912-040E10F028DA}"
EndProject
Project("{FAE04EC0-301F-11D3-BF4B-00C04F79EFBC}") = "DriverService.Domain", "src\Services\Driver\DriverService.Domain\DriverService.Domain.csproj", "{412781EF-0A21-426D-8DF5-0E7B5809F704}"
EndProject
Project("{FAE04EC0-301F-11D3-BF4B-00C04F79EFBC}") = "DriverService.Application", "src\Services\Driver\DriverService.Application\DriverService.Application.csproj", "{53427F90-0314-4F68-B2B1-AA0F0E40FF8D}"
EndProject
Project("{FAE04EC0-301F-11D3-BF4B-00C04F79EFBC}") = "DriverService.Infrastructure", "src\Services\Driver\DriverService.Infrastructure\DriverService.Infrastructure.csproj", "{D1A5151D-6AF7-40B6-B0CA-CEED1F0B301A}"
EndProject
Project("{2150E333-8FDC-42A3-9474-1A3956D46DE8}") = "tests", "tests", "{A68F9799-0F8D-4CCC-BE86-0E50CDEF43E3}"
EndProject
Project("{FAE04EC0-301F-11D3-BF4B-00C04F79EFBC}") = "ShipmentService.UnitTests", "tests\ShipmentService.UnitTests\ShipmentService.UnitTests.csproj", "{E2B60F34-9FAE-48AC-8EA0-3B5BA9AD4B5B}"
EndProject
Project("{FAE04EC0-301F-11D3-BF4B-00C04F79EFBC}") = "IdentityService.UnitTests", "tests\IdentityService.UnitTests\IdentityService.UnitTests.csproj", "{3CA9E960-7199-4A50-B7DB-022CD675D16A}"
EndProject
Project("{FAE04EC0-301F-11D3-BF4B-00C04F79EFBC}") = "PackageService.UnitTests", "tests\PackageService.UnitTests\PackageService.UnitTests.csproj", "{4192EB50-7241-4DF4-8AA1-D81AEFEC6056}"
EndProject
Project("{FAE04EC0-301F-11D3-BF4B-00C04F79EFBC}") = "TrackingService.UnitTests", "tests\TrackingService.UnitTests\TrackingService.UnitTests.csproj", "{5B8C21FD-20E8-4C1F-96CE-E5BBAFF746B4}"
EndProject
Project("{FAE04EC0-301F-11D3-BF4B-00C04F79EFBC}") = "DriverService.UnitTests", "tests\DriverService.UnitTests\DriverService.UnitTests.csproj", "{A35623E9-A882-4F4D-9BFE-8068FAC138EC}"
EndProject
Global
	GlobalSection(SolutionConfigurationPlatforms) = preSolution
		Debug|Any CPU = Debug|Any CPU
		Release|Any CPU = Release|Any CPU
	EndGlobalSection
	GlobalSection(SolutionProperties) = preSolution
		HideSolutionNode = FALSE
	EndGlobalSection
	GlobalSection(ProjectConfigurationPlatforms) = postSolution
		{8AF9F180-428C-4124-8E57-A65CA8BF483E}.Debug|Any CPU.ActiveCfg = Debug|Any CPU
		{8AF9F180-428C-4124-8E57-A65CA8BF483E}.Debug|Any CPU.Build.0 = Debug|Any CPU
		{8AF9F180-428C-4124-8E57-A65CA8BF483E}.Release|Any CPU.ActiveCfg = Release|Any CPU
		{8AF9F180-428C-4124-8E57-A65CA8BF483E}.Release|Any CPU.Build.0 = Release|Any CPU
		{EED78BAE-FC9B-4C8C-891E-C696644DF4AD}.Debug|Any CPU.ActiveCfg = Debug|Any CPU
		{EED78BAE-FC9B-4C8C-891E-C696644DF4AD}.Debug|Any CPU.Build.0 = Debug|Any CPU
		{EED78BAE-FC9B-4C8C-891E-C696644DF4AD}.Release|Any CPU.ActiveCfg = Release|Any CPU
		{EED78BAE-FC9B-4C8C-891E-C696644DF4AD}.Release|Any CPU.Build.0 = Release|Any CPU
		{E962CDD1-53A2-4BED-B229-6E31047A5E99}.Debug|Any CPU.ActiveCfg = Debug|Any CPU
		{E962CDD1-53A2-4BED-B229-6E31047A5E99}.Debug|Any CPU.Build.0 = Debug|Any CPU
		{E962CDD1-53A2-4BED-B229-6E31047A5E99}.Release|Any CPU.ActiveCfg = Release|Any CPU
		{E962CDD1-53A2-4BED-B229-6E31047A5E99}.Release|Any CPU.Build.0 = Release|Any CPU
		{30C4BCD9-FF10-4668-9CAD-7405C9B2EAAA}.Debug|Any CPU.ActiveCfg = Debug|Any CPU
		{30C4BCD9-FF10-4668-9CAD-7405C9B2EAAA}.Debug|Any CPU.Build.0 = Debug|Any CPU
		{30C4BCD9-FF10-4668-9CAD-7405C9B2EAAA}.Release|Any CPU.ActiveCfg = Release|Any CPU
		{30C4BCD9-FF10-4668-9CAD-7405C9B2EAAA}.Release|Any CPU.Build.0 = Release|Any CPU
		{8D9C6B55-D033-443D-910F-34859334B6F4}.Debug|Any CPU.ActiveCfg = Debug|Any CPU
		{8D9C6B55-D033-443D-910F-34859334B6F4}.Debug|Any CPU.Build.0 = Debug|Any CPU
		{8D9C6B55-D033-443D-910F-34859334B6F4}.Release|Any CPU.ActiveCfg = Release|Any CPU
		{8D9C6B55-D033-443D-910F-34859334B6F4}.Release|Any CPU.Build.0 = Release|Any CPU
		{6D006C36-56EF-4F33-A194-0D30ACA0E994}.Debug|Any CPU.ActiveCfg = Debug|Any CPU
		{6D006C36-56EF-4F33-A194-0D30ACA0E994}.Debug|Any CPU.Build.0 = Debug|Any CPU
		{6D006C36-56EF-4F33-A194-0D30ACA0E994}.Release|Any CPU.ActiveCfg = Release|Any CPU
		{6D006C36-56EF-4F33-A194-0D30ACA0E994}.Release|Any CPU.Build.0 = Release|Any CPU
		{D79E9A2B-0788-48FD-A9CC-B742463A11CC}.Debug|Any CPU.ActiveCfg = Debug|Any CPU
		{D79E9A2B-0788-48FD-A9CC-B742463A11CC}.Debug|Any CPU.Build.0 = Debug|Any CPU
		{D79E9A2B-0788-48FD-A9CC-B742463A11CC}.Release|Any CPU.ActiveCfg = Release|Any CPU
		{D79E9A2B-0788-48FD-A9CC-B742463A11CC}.Release|Any CPU.Build.0 = Release|Any CPU
		{F29A098B-A248-4400-8AD9-6689CD1ED39C}.Debug|Any CPU.ActiveCfg = Debug|Any CPU
		{F29A098B-A248-4400-8AD9-6689CD1ED39C}.Debug|Any CPU.Build.0 = Debug|Any CPU
		{F29A098B-A248-4400-8AD9-6689CD1ED39C}.Release|Any CPU.ActiveCfg = Release|Any CPU
		{F29A098B-A248-4400-8AD9-6689CD1ED39C}.Release|Any CPU.Build.0 = Release|Any CPU
		{12B4A3D4-7074-409C-AE1B-175AF40E14B6}.Debug|Any CPU.ActiveCfg = Debug|Any CPU
		{12B4A3D4-7074-409C-AE1B-175AF40E14B6}.Debug|Any CPU.Build.0 = Debug|Any CPU
		{12B4A3D4-7074-409C-AE1B-175AF40E14B6}.Release|Any CPU.ActiveCfg = Release|Any CPU
		{12B4A3D4-7074-409C-AE1B-175AF40E14B6}.Release|Any CPU.Build.0 = Release|Any CPU
		{9E044C6E-35F6-4058-ABBA-8A6A4485E345}.Debug|Any CPU.ActiveCfg = Debug|Any CPU
		{9E044C6E-35F6-4058-ABBA-8A6A4485E345}.Debug|Any CPU.Build.0 = Debug|Any CPU
		{9E044C6E-35F6-4058-ABBA-8A6A4485E345}.Release|Any CPU.ActiveCfg = Release|Any CPU
		{9E044C6E-35F6-4058-ABBA-8A6A4485E345}.Release|Any CPU.Build.0 = Release|Any CPU
		{26CE6DAA-E77A-4A63-B186-482EE8EB3709}.Debug|Any CPU.ActiveCfg = Debug|Any CPU
		{26CE6DAA-E77A-4A63-B186-482EE8EB3709}.Debug|Any CPU.Build.0 = Debug|Any CPU
		{26CE6DAA-E77A-4A63-B186-482EE8EB3709}.Release|Any CPU.ActiveCfg = Release|Any CPU
		{26CE6DAA-E77A-4A63-B186-482EE8EB3709}.Release|Any CPU.Build.0 = Release|Any CPU
		{EBC892FA-1713-4F02-8C5C-E0A66675A4B7}.Debug|Any CPU.ActiveCfg = Debug|Any CPU
		{EBC892FA-1713-4F02-8C5C-E0A66675A4B7}.Debug|Any CPU.Build.0 = Debug|Any CPU
		{EBC892FA-1713-4F02-8C5C-E0A66675A4B7}.Release|Any CPU.ActiveCfg = Release|Any CPU
		{EBC892FA-1713-4F02-8C5C-E0A66675A4B7}.Release|Any CPU.Build.0 = Release|Any CPU
		{94AFA01D-D03E-4BED-9C11-34ABF5EEC1CD}.Debug|Any CPU.ActiveCfg = Debug|Any CPU
		{94AFA01D-D03E-4BED-9C11-34ABF5EEC1CD}.Debug|Any CPU.Build.0 = Debug|Any CPU
		{94AFA01D-D03E-4BED-9C11-34ABF5EEC1CD}.Release|Any CPU.ActiveCfg = Release|Any CPU
		{94AFA01D-D03E-4BED-9C11-34ABF5EEC1CD}.Release|Any CPU.Build.0 = Release|Any CPU
		{C3652446-CC87-4861-9AF2-4463E19FC0A7}.Debug|Any CPU.ActiveCfg = Debug|Any CPU
		{C3652446-CC87-4861-9AF2-4463E19FC0A7}.Debug|Any CPU.Build.0 = Debug|Any CPU
		{C3652446-CC87-4861-9AF2-4463E19FC0A7}.Release|Any CPU.ActiveCfg = Release|Any CPU
		{C3652446-CC87-4861-9AF2-4463E19FC0A7}.Release|Any CPU.Build.0 = Release|Any CPU
		{F7345BAB-79A8-4C8B-A763-44EA1FF7FB13}.Debug|Any CPU.ActiveCfg = Debug|Any CPU
		{F7345BAB-79A8-4C8B-A763-44EA1FF7FB13}.Debug|Any CPU.Build.0 = Debug|Any CPU
		{F7345BAB-79A8-4C8B-A763-44EA1FF7FB13}.Release|Any CPU.ActiveCfg = Release|Any CPU
		{F7345BAB-79A8-4C8B-A763-44EA1FF7FB13}.Release|Any CPU.Build.0 = Release|Any CPU
		{596F3FA9-DB4D-46F1-8687-F8B9E0408F01}.Debug|Any CPU.ActiveCfg = Debug|Any CPU
		{596F3FA9-DB4D-46F1-8687-F8B9E0408F01}.Debug|Any CPU.Build.0 = Debug|Any CPU
		{596F3FA9-DB4D-46F1-8687-F8B9E0408F01}.Release|Any CPU.ActiveCfg = Release|Any CPU
		{596F3FA9-DB4D-46F1-8687-F8B9E0408F01}.Release|Any CPU.Build.0 = Release|Any CPU
		{E2CC9663-4DFC-422E-AFEA-D5EC27C78BA2}.Debug|Any CPU.ActiveCfg = Debug|Any CPU
		{E2CC9663-4DFC-422E-AFEA-D5EC27C78BA2}.Debug|Any CPU.Build.0 = Debug|Any CPU
		{E2CC9663-4DFC-422E-AFEA-D5EC27C78BA2}.Release|Any CPU.ActiveCfg = Release|Any CPU
		{E2CC9663-4DFC-422E-AFEA-D5EC27C78BA2}.Release|Any CPU.Build.0 = Release|Any CPU
		{E1FF835F-2934-4B90-A644-CB5BAB2F17F7}.Debug|Any CPU.ActiveCfg = Debug|Any CPU
		{E1FF835F-2934-4B90-A644-CB5BAB2F17F7}.Debug|Any CPU.Build.0 = Debug|Any CPU
		{E1FF835F-2934-4B90-A644-CB5BAB2F17F7}.Release|Any CPU.ActiveCfg = Release|Any CPU
		{E1FF835F-2934-4B90-A644-CB5BAB2F17F7}.Release|Any CPU.Build.0 = Release|Any CPU
		{90BA51F7-B671-4A14-9912-040E10F028DA}.Debug|Any CPU.ActiveCfg = Debug|Any CPU
		{90BA51F7-B671-4A14-9912-040E10F028DA}.Debug|Any CPU.Build.0 = Debug|Any CPU
		{90BA51F7-B671-4A14-9912-040E10F028DA}.Release|Any CPU.ActiveCfg = Release|Any CPU
		{90BA51F7-B671-4A14-9912-040E10F028DA}.Release|Any CPU.Build.0 = Release|Any CPU
		{412781EF-0A21-426D-8DF5-0E7B5809F704}.Debug|Any CPU.ActiveCfg = Debug|Any CPU
		{412781EF-0A21-426D-8DF5-0E7B5809F704}.Debug|Any CPU.Build.0 = Debug|Any CPU
		{412781EF-0A21-426D-8DF5-0E7B5809F704}.Release|Any CPU.ActiveCfg = Release|Any CPU
		{412781EF-0A21-426D-8DF5-0E7B5809F704}.Release|Any CPU.Build.0 = Release|Any CPU
		{53427F90-0314-4F68-B2B1-AA0F0E40FF8D}.Debug|Any CPU.ActiveCfg = Debug|Any CPU
		{53427F90-0314-4F68-B2B1-AA0F0E40FF8D}.Debug|Any CPU.Build.0 = Debug|Any CPU
		{53427F90-0314-4F68-B2B1-AA0F0E40FF8D}.Release|Any CPU.ActiveCfg = Release|Any CPU
		{53427F90-0314-4F68-B2B1-AA0F0E40FF8D}.Release|Any CPU.Build.0 = Release|Any CPU
		{D1A5151D-6AF7-40B6-B0CA-CEED1F0B301A}.Debug|Any CPU.ActiveCfg = Debug|Any CPU
		{D1A5151D-6AF7-40B6-B0CA-CEED1F0B301A}.Debug|Any CPU.Build.0 = Debug|Any CPU
		{D1A5151D-6AF7-40B6-B0CA-CEED1F0B301A}.Release|Any CPU.ActiveCfg = Release|Any CPU
		{D1A5151D-6AF7-40B6-B0CA-CEED1F0B301A}.Release|Any CPU.Build.0 = Release|Any CPU
		{E2B60F34-9FAE-48AC-8EA0-3B5BA9AD4B5B}.Debug|Any CPU.ActiveCfg = Debug|Any CPU
		{E2B60F34-9FAE-48AC-8EA0-3B5BA9AD4B5B}.Debug|Any CPU.Build.0 = Debug|Any CPU
		{E2B60F34-9FAE-48AC-8EA0-3B5BA9AD4B5B}.Release|Any CPU.ActiveCfg = Release|Any CPU
		{E2B60F34-9FAE-48AC-8EA0-3B5BA9AD4B5B}.Release|Any CPU.Build.0 = Release|Any CPU
		{3CA9E960-7199-4A50-B7DB-022CD675D16A}.Debug|Any CPU.ActiveCfg = Debug|Any CPU
		{3CA9E960-7199-4A50-B7DB-022CD675D16A}.Debug|Any CPU.Build.0 = Debug|Any CPU
		{3CA9E960-7199-4A50-B7DB-022CD675D16A}.Release|Any CPU.ActiveCfg = Release|Any CPU
		{3CA9E960-7199-4A50-B7DB-022CD675D16A}.Release|Any CPU.Build.0 = Release|Any CPU
		{4192EB50-7241-4DF4-8AA1-D81AEFEC6056}.Debug|Any CPU.ActiveCfg = Debug|Any CPU
		{4192EB50-7241-4DF4-8AA1-D81AEFEC6056}.Debug|Any CPU.Build.0 = Debug|Any CPU
		{4192EB50-7241-4DF4-8AA1-D81AEFEC6056}.Release|Any CPU.ActiveCfg = Release|Any CPU
		{4192EB50-7241-4DF4-8AA1-D81AEFEC6056}.Release|Any CPU.Build.0 = Release|Any CPU
		{5B8C21FD-20E8-4C1F-96CE-E5BBAFF746B4}.Debug|Any CPU.ActiveCfg = Debug|Any CPU
		{5B8C21FD-20E8-4C1F-96CE-E5BBAFF746B4}.Debug|Any CPU.Build.0 = Debug|Any CPU
		{5B8C21FD-20E8-4C1F-96CE-E5BBAFF746B4}.Release|Any CPU.ActiveCfg = Release|Any CPU
		{5B8C21FD-20E8-4C1F-96CE-E5BBAFF746B4}.Release|Any CPU.Build.0 = Release|Any CPU
		{A35623E9-A882-4F4D-9BFE-8068FAC138EC}.Debug|Any CPU.ActiveCfg = Debug|Any CPU
		{A35623E9-A882-4F4D-9BFE-8068FAC138EC}.Debug|Any CPU.Build.0 = Debug|Any CPU
		{A35623E9-A882-4F4D-9BFE-8068FAC138EC}.Release|Any CPU.ActiveCfg = Release|Any CPU
		{A35623E9-A882-4F4D-9BFE-8068FAC138EC}.Release|Any CPU.Build.0 = Release|Any CPU
	EndGlobalSection
	GlobalSection(NestedProjects) = preSolution
		{F676021B-8041-4BFA-BB70-696426DECCB0} = {E9FACF25-6964-44C7-A0C3-5755F4356485}
		{8AF9F180-428C-4124-8E57-A65CA8BF483E} = {F676021B-8041-4BFA-BB70-696426DECCB0}
		{A5B829CD-603C-4C6C-B4E2-7594C7AC51E2} = {E9FACF25-6964-44C7-A0C3-5755F4356485}
		{EED78BAE-FC9B-4C8C-891E-C696644DF4AD} = {A5B829CD-603C-4C6C-B4E2-7594C7AC51E2}
		{05B399FA-69AD-45E8-ADB2-592A4212E995} = {E9FACF25-6964-44C7-A0C3-5755F4356485}
		{C8E6B9C3-7966-416A-9D90-7603CE366EAC} = {05B399FA-69AD-45E8-ADB2-592A4212E995}
		{E962CDD1-53A2-4BED-B229-6E31047A5E99} = {C8E6B9C3-7966-416A-9D90-7603CE366EAC}
		{2D046B46-5060-468D-8457-7790F03FE017} = {05B399FA-69AD-45E8-ADB2-592A4212E995}
		{30C4BCD9-FF10-4668-9CAD-7405C9B2EAAA} = {2D046B46-5060-468D-8457-7790F03FE017}
		{2724DEDA-44A7-40FB-9A57-4EEB718C2564} = {05B399FA-69AD-45E8-ADB2-592A4212E995}
		{8D9C6B55-D033-443D-910F-34859334B6F4} = {2724DEDA-44A7-40FB-9A57-4EEB718C2564}
		{40B208AB-5813-4717-ADBD-CB0B6C446D39} = {05B399FA-69AD-45E8-ADB2-592A4212E995}
		{6D006C36-56EF-4F33-A194-0D30ACA0E994} = {40B208AB-5813-4717-ADBD-CB0B6C446D39}
		{1882AEF5-532A-44F1-8E28-4237202F12F9} = {05B399FA-69AD-45E8-ADB2-592A4212E995}
		{D79E9A2B-0788-48FD-A9CC-B742463A11CC} = {1882AEF5-532A-44F1-8E28-4237202F12F9}
		{F29A098B-A248-4400-8AD9-6689CD1ED39C} = {C8E6B9C3-7966-416A-9D90-7603CE366EAC}
		{12B4A3D4-7074-409C-AE1B-175AF40E14B6} = {C8E6B9C3-7966-416A-9D90-7603CE366EAC}
		{9E044C6E-35F6-4058-ABBA-8A6A4485E345} = {C8E6B9C3-7966-416A-9D90-7603CE366EAC}
		{26CE6DAA-E77A-4A63-B186-482EE8EB3709} = {2D046B46-5060-468D-8457-7790F03FE017}
		{EBC892FA-1713-4F02-8C5C-E0A66675A4B7} = {2D046B46-5060-468D-8457-7790F03FE017}
		{94AFA01D-D03E-4BED-9C11-34ABF5EEC1CD} = {2D046B46-5060-468D-8457-7790F03FE017}
		{C3652446-CC87-4861-9AF2-4463E19FC0A7} = {2724DEDA-44A7-40FB-9A57-4EEB718C2564}
		{F7345BAB-79A8-4C8B-A763-44EA1FF7FB13} = {2724DEDA-44A7-40FB-9A57-4EEB718C2564}
		{596F3FA9-DB4D-46F1-8687-F8B9E0408F01} = {2724DEDA-44A7-40FB-9A57-4EEB718C2564}
		{E2CC9663-4DFC-422E-AFEA-D5EC27C78BA2} = {40B208AB-5813-4717-ADBD-CB0B6C446D39}
		{E1FF835F-2934-4B90-A644-CB5BAB2F17F7} = {40B208AB-5813-4717-ADBD-CB0B6C446D39}
		{90BA51F7-B671-4A14-9912-040E10F028DA} = {40B208AB-5813-4717-ADBD-CB0B6C446D39}
		{412781EF-0A21-426D-8DF5-0E7B5809F704} = {1882AEF5-532A-44F1-8E28-4237202F12F9}
		{53427F90-0314-4F68-B2B1-AA0F0E40FF8D} = {1882AEF5-532A-44F1-8E28-4237202F12F9}
		{D1A5151D-6AF7-40B6-B0CA-CEED1F0B301A} = {1882AEF5-532A-44F1-8E28-4237202F12F9}
		{E2B60F34-9FAE-48AC-8EA0-3B5BA9AD4B5B} = {A68F9799-0F8D-4CCC-BE86-0E50CDEF43E3}
		{3CA9E960-7199-4A50-B7DB-022CD675D16A} = {A68F9799-0F8D-4CCC-BE86-0E50CDEF43E3}
		{4192EB50-7241-4DF4-8AA1-D81AEFEC6056} = {A68F9799-0F8D-4CCC-BE86-0E50CDEF43E3}
		{5B8C21FD-20E8-4C1F-96CE-E5BBAFF746B4} = {A68F9799-0F8D-4CCC-BE86-0E50CDEF43E3}
		{A35623E9-A882-4F4D-9BFE-8068FAC138EC} = {A68F9799-0F8D-4CCC-BE86-0E50CDEF43E3}
	EndGlobalSection
EndGlobal
